# This file is autogenerated, do not edit; changes may be undone by the next 'dep ensure'.


[[projects]]
  branch = "master"
  digest = "1:8fda70c57919d8b3eda9806c43d26ad27efd6049571b838f6351d4c4b9dd5767"
  name = "github.com/ajstarks/svgo"
  packages = ["."]
  pruneopts = "UT"
  revision = "6ce6a3bcf6cde6c5007887677ebd148ec30f42a4"

[[projects]]
  digest = "1:b6e21e98fcbc23345ea2e3b70766edfc7fb53c0c99966fed18e889de0fcb67f2"
  name = "github.com/fogleman/gg"
  packages = ["."]
  pruneopts = "UT"
  revision = "0403632d5b905943a1c2a5b2763aaecd568467ec"
  version = "v1.3.0"

[[projects]]
  branch = "master"
  digest = "1:62c57507df491b657e9ae2645f30958d9964c8eeb380600469eedc951ebb3a0e"
  name = "github.com/golang/freetype"
  packages = [
    "raster",
    "truetype",
  ]
  pruneopts = "UT"
  revision = "e2365dfdc4a05e4b8299a783240d4a7d5a65d4e4"

[[projects]]
  branch = "master"
  digest = "1:8b4352b5f579e14cea4752fa72b80bee60e6dc0b725211da5c679c63ea06f811"
  name = "github.com/gonum/blas"
  packages = [
    ".",
    "blas64",
    "native",
    "native/internal/math32",
  ]
  pruneopts = "UT"
  revision = "f22b278b28ac9805aadd613a754a60c35b24ae69"

[[projects]]
  branch = "master"
  digest = "1:d1176d30bd3703900e4c6c64d0fb2acdcfa2a880b6cca404fe2a78972bdd5a7b"
  name = "github.com/gonum/floats"
  packages = ["."]
  pruneopts = "UT"
  revision = "c233463c7e827fd71a8cdb62dfda0e98f7c39ad5"

[[projects]]
  branch = "master"
  digest = "1:9de33a3238dd6f897a94925adafe0893714dbc335fcd06a12a83cf3ea537bd8a"
  name = "github.com/gonum/internal"
  packages = [
    "asm/f32",
    "asm/f64",
  ]
  pruneopts = "UT"
  revision = "f884aa71402950fb2796dbea0d5aa9ef9cfad8ca"

[[projects]]
  branch = "master"
  digest = "1:6dbded6cebec9d9733ceb4536e26b0e27338fab169f6bf98c4877ade32c62f46"
  name = "github.com/gonum/lapack"
  packages = [
    ".",
    "lapack64",
    "native",
  ]
  pruneopts = "UT"
  revision = "e4cdc5a0bff924bb10be88482e635bd40429f65e"

[[projects]]
  branch = "master"
  digest = "1:1c6083dc3f08ff798c226a98e6cf4ae209177695b49cabdd0f6621e814a59980"
  name = "github.com/gonum/matrix"
  packages = [
    ".",
    "mat64",
  ]
  pruneopts = "UT"
  revision = "c518dec07be9a636c38a4650e217be059b5952ec"

[[projects]]
  digest = "1:b9c3c528e8239644674b839d8a48c01c823397a489dc87d8acf559d9f7f98ac1"
  name = "github.com/jung-kurt/gofpdf"
  packages = ["."]
  pruneopts = "UT"
  revision = "1732f2ce35393f063815fec79ef3d752a20f26d8"
  version = "v2.8.1"

[[projects]]
  branch = "master"
  digest = "1:424c9582c139150ca472c0152a39190f1fc40f28686fa26f227bf9be14b872f1"
  name = "github.com/ryskiwt/go-kalman"
  packages = ["."]
  pruneopts = "UT"
  revision = "4f4ccfb3b9089bcb76f1b82e2f63f211fb22e25e"

[[projects]]
  branch = "master"
  digest = "1:d87af402fc3f371d6b008f58903e98bee8873db45263dc54762f00735c582495"
  name = "golang.org/x/exp"
  packages = ["rand"]
  pruneopts = "UT"
  revision = "fd42eb6b336fd763bcd0fb5be27323f5587d63d2"

[[projects]]
  branch = "master"
  digest = "1:c70d11d47044f97775ad0533ad3a3b5665924acc4e3c95c87d3f1d33a954ca00"
  name = "golang.org/x/image"
  packages = [
    "ccitt",
    "draw",
    "font",
    "font/basicfont",
    "font/plan9font",
    "math/f64",
    "math/fixed",
    "tiff",
    "tiff/lzw",
  ]
  pruneopts = "UT"
  revision = "7e034cad644213bc79b336b52fce73624259aeca"

[[projects]]
  branch = "master"
  digest = "1:c6acac1fabae458a6829b9a3163ebbde55f8877614b5a6f14a4ddc6f19dce7f7"
  name = "gonum.org/v1/gonum"
  packages = [
    "blas",
    "blas/blas64",
    "blas/cblas128",
    "blas/gonum",
    "floats",
    "internal/asm/c128",
    "internal/asm/c64",
    "internal/asm/f32",
    "internal/asm/f64",
    "internal/cmplx64",
    "internal/math32",
    "lapack",
    "lapack/gonum",
    "lapack/lapack64",
    "mat",
  ]
  pruneopts = "UT"
  revision = "536a303fd62fe10303f5c75bf644af9f54e90c25"

[[projects]]
  branch = "master"
  digest = "1:cb57d653efe00be3bdbeee946be51755a0dd6b73cbdacf0467733908b6e3c386"
  name = "gonum.org/v1/plot"
  packages = [
    ".",
    "palette",
    "plotter",
    "plotutil",
    "tools/bezier",
    "vg",
    "vg/draw",
    "vg/fonts",
    "vg/vgeps",
    "vg/vgimg",
    "vg/vgpdf",
    "vg/vgsvg",
  ]
  pruneopts = "UT"
  revision = "9aa86143727f898329b04f9a16882237caa96ddc"

[solve-meta]
  analyzer-name = "dep"
  analyzer-version = 1
  input-imports = [
    "github.com/gonum/matrix/mat64",
    "github.com/ryskiwt/go-kalman",
    "gonum.org/v1/plot",
    "gonum.org/v1/plot/plotter",
    "gonum.org/v1/plot/plotutil",
    "gonum.org/v1/plot/vg",
  ]
  solver-name = "gps-cdcl"
  solver-version = 1
